
Microsoft Visual Studio Solution File, Format Version 12.00
# Visual Studio Version 16
VisualStudioVersion = 16.0.29728.190
MinimumVisualStudioVersion = 10.0.40219.1
Project("{FAE04EC0-301F-11D3-BF4B-00C04F79EFBC}") = "Klasy", "Klasy\Klasy.csproj", "{B088FF22-5382-4602-AE0E-E32DE8DFCCAD}"
EndProject
Project("{FAE04EC0-301F-11D3-BF4B-00C04F79EFBC}") = "Dziedziczenie", "Dziedziczenie\Dziedziczenie.csproj", "{2AFDAB5B-332D-4BDB-9FE4-AC0E711A14EA}"
EndProject
Project("{FAE04EC0-301F-11D3-BF4B-00C04F79EFBC}") = "MiniShop", "MiniShop\MiniShop.csproj", "{C4BFA2D5-C6BB-4B87-9313-22C5B736F35E}"
EndProject
Project("{FAE04EC0-301F-11D3-BF4B-00C04F79EFBC}") = "MetodyWirtualne", "MetodyWirtualne\MetodyWirtualne.csproj", "{CE74420A-44CC-42CE-B1FD-8FFCFB30C737}"
EndProject
Global
	GlobalSection(SolutionConfigurationPlatforms) = preSolution
		Debug|Any CPU = Debug|Any CPU
		Release|Any CPU = Release|Any CPU
	EndGlobalSection
	GlobalSection(ProjectConfigurationPlatforms) = postSolution
		{B088FF22-5382-4602-AE0E-E32DE8DFCCAD}.Debug|Any CPU.ActiveCfg = Debug|Any CPU
		{B088FF22-5382-4602-AE0E-E32DE8DFCCAD}.Debug|Any CPU.Build.0 = Debug|Any CPU
		{B088FF22-5382-4602-AE0E-E32DE8DFCCAD}.Release|Any CPU.ActiveCfg = Release|Any CPU
		{B088FF22-5382-4602-AE0E-E32DE8DFCCAD}.Release|Any CPU.Build.0 = Release|Any CPU
		{2AFDAB5B-332D-4BDB-9FE4-AC0E711A14EA}.Debug|Any CPU.ActiveCfg = Debug|Any CPU
		{2AFDAB5B-332D-4BDB-9FE4-AC0E711A14EA}.Debug|Any CPU.Build.0 = Debug|Any CPU
		{2AFDAB5B-332D-4BDB-9FE4-AC0E711A14EA}.Release|Any CPU.ActiveCfg = Release|Any CPU
		{2AFDAB5B-332D-4BDB-9FE4-AC0E711A14EA}.Release|Any CPU.Build.0 = Release|Any CPU
		{C4BFA2D5-C6BB-4B87-9313-22C5B736F35E}.Debug|Any CPU.ActiveCfg = Debug|Any CPU
		{C4BFA2D5-C6BB-4B87-9313-22C5B736F35E}.Debug|Any CPU.Build.0 = Debug|Any CPU
		{C4BFA2D5-C6BB-4B87-9313-22C5B736F35E}.Release|Any CPU.ActiveCfg = Release|Any CPU
		{C4BFA2D5-C6BB-4B87-9313-22C5B736F35E}.Release|Any CPU.Build.0 = Release|Any CPU
		{CE74420A-44CC-42CE-B1FD-8FFCFB30C737}.Debug|Any CPU.ActiveCfg = Debug|Any CPU
		{CE74420A-44CC-42CE-B1FD-8FFCFB30C737}.Debug|Any CPU.Build.0 = Debug|Any CPU
		{CE74420A-44CC-42CE-B1FD-8FFCFB30C737}.Release|Any CPU.ActiveCfg = Release|Any CPU
		{CE74420A-44CC-42CE-B1FD-8FFCFB30C737}.Release|Any CPU.Build.0 = Release|Any CPU
	EndGlobalSection
	GlobalSection(SolutionProperties) = preSolution
		HideSolutionNode = FALSE
	EndGlobalSection
	GlobalSection(ExtensibilityGlobals) = postSolution
		SolutionGuid = {4773FCE0-3609-4C11-9243-1E902D8DD7D0}
	EndGlobalSection
EndGlobal
